
Microsoft Visual Studio Solution File, Format Version 12.00
# Visual Studio Version 16
VisualStudioVersion = 16.0.29409.12
MinimumVisualStudioVersion = 10.0.40219.1
Project("{FAE04EC0-301F-11D3-BF4B-00C04F79EFBC}") = "Demo1", "Demo1.csproj", "{6347B2F3-E319-47CD-A638-7C1912D461C8}"
EndProject
Global
	GlobalSection(SolutionConfigurationPlatforms) = preSolution
		Debug|Any CPU = Debug|Any CPU
		Release|Any CPU = Release|Any CPU
	EndGlobalSection
	GlobalSection(ProjectConfigurationPlatforms) = postSolution
		{6347B2F3-E319-47CD-A638-7C1912D461C8}.Debug|Any CPU.ActiveCfg = Debug|Any CPU
		{6347B2F3-E319-47CD-A638-7C1912D461C8}.Debug|Any CPU.Build.0 = Debug|Any CPU
		{6347B2F3-E319-47CD-A638-7C1912D461C8}.Release|Any CPU.ActiveCfg = Release|Any CPU
		{6347B2F3-E319-47CD-A638-7C1912D461C8}.Release|Any CPU.Build.0 = Release|Any CPU
	EndGlobalSection
	GlobalSection(SolutionProperties) = preSolution
		HideSolutionNode = FALSE
	EndGlobalSection
	GlobalSection(ExtensibilityGlobals) = postSolution
		SolutionGuid = {A65EDE67-487C-4A19-8C81-6FB2F9723B4E}
	EndGlobalSection
EndGlobal
